
Microsoft Visual Studio Solution File, Format Version 12.00
# Visual Studio 15
VisualStudioVersion = 15.0.28307.106
MinimumVisualStudioVersion = 10.0.40219.1
Project("{FAE04EC0-301F-11D3-BF4B-00C04F79EFBC}") = "GTiff2Tiles", "GTiff2Tiles\GTiff2Tiles.csproj", "{79237CDC-654A-4CB3-983C-5E5138E0DADC}"
EndProject
Project("{FAE04EC0-301F-11D3-BF4B-00C04F79EFBC}") = "GTiff2Tiles.Test", "GTiff2Tiles.Test\GTiff2Tiles.Test.csproj", "{C7B939E1-C874-4F4A-8E31-86248569506E}"
EndProject
Global
	GlobalSection(SolutionConfigurationPlatforms) = preSolution
		Debug|Any CPU = Debug|Any CPU
		Debug|x64 = Debug|x64
		Release|Any CPU = Release|Any CPU
		Release|x64 = Release|x64
	EndGlobalSection
	GlobalSection(ProjectConfigurationPlatforms) = postSolution
		{79237CDC-654A-4CB3-983C-5E5138E0DADC}.Debug|Any CPU.ActiveCfg = Debug|Any CPU
		{79237CDC-654A-4CB3-983C-5E5138E0DADC}.Debug|Any CPU.Build.0 = Debug|Any CPU
		{79237CDC-654A-4CB3-983C-5E5138E0DADC}.Debug|x64.ActiveCfg = Debug|x64
		{79237CDC-654A-4CB3-983C-5E5138E0DADC}.Debug|x64.Build.0 = Debug|x64
		{79237CDC-654A-4CB3-983C-5E5138E0DADC}.Release|Any CPU.ActiveCfg = Release|Any CPU
		{79237CDC-654A-4CB3-983C-5E5138E0DADC}.Release|Any CPU.Build.0 = Release|Any CPU
		{79237CDC-654A-4CB3-983C-5E5138E0DADC}.Release|x64.ActiveCfg = Release|x64
		{79237CDC-654A-4CB3-983C-5E5138E0DADC}.Release|x64.Build.0 = Release|x64
		{C7B939E1-C874-4F4A-8E31-86248569506E}.Debug|Any CPU.ActiveCfg = Debug|Any CPU
		{C7B939E1-C874-4F4A-8E31-86248569506E}.Debug|Any CPU.Build.0 = Debug|Any CPU
		{C7B939E1-C874-4F4A-8E31-86248569506E}.Debug|x64.ActiveCfg = Debug|x64
		{C7B939E1-C874-4F4A-8E31-86248569506E}.Debug|x64.Build.0 = Debug|x64
		{C7B939E1-C874-4F4A-8E31-86248569506E}.Release|Any CPU.ActiveCfg = Release|Any CPU
		{C7B939E1-C874-4F4A-8E31-86248569506E}.Release|Any CPU.Build.0 = Release|Any CPU
		{C7B939E1-C874-4F4A-8E31-86248569506E}.Release|x64.ActiveCfg = Release|x64
		{C7B939E1-C874-4F4A-8E31-86248569506E}.Release|x64.Build.0 = Release|x64
	EndGlobalSection
	GlobalSection(SolutionProperties) = preSolution
		HideSolutionNode = FALSE
	EndGlobalSection
	GlobalSection(ExtensibilityGlobals) = postSolution
		SolutionGuid = {273FD8EC-E055-41E2-B5B3-C321B9721DEF}
	EndGlobalSection
EndGlobal
