
Microsoft Visual Studio Solution File, Format Version 12.00
# Visual Studio Version 17
VisualStudioVersion = 17.0.31903.59
MinimumVisualStudioVersion = 10.0.40219.1
Project("{FAE04EC0-301F-11D3-BF4B-00C04F79EFBC}") = "GTiff2Tiles.Core", "GTiff2Tiles.Core\GTiff2Tiles.Core.csproj", "{DC6D961C-6863-44DC-B6B1-0C7232B7F777}"
EndProject
Project("{FAE04EC0-301F-11D3-BF4B-00C04F79EFBC}") = "GTiff2Tiles.Avalonia", "GTiff2Tiles.Avalonia\GTiff2Tiles.Avalonia.csproj", "{9139B034-2C6B-4A6D-8F94-7B92DB4BECBE}"
EndProject
Project("{FAE04EC0-301F-11D3-BF4B-00C04F79EFBC}") = "GTiff2Tiles.Benchmarks", "GTiff2Tiles.Benchmarks\GTiff2Tiles.Benchmarks.csproj", "{1032BE03-36E8-4DEE-B691-A29D8B4C4AD4}"
EndProject
Project("{FAE04EC0-301F-11D3-BF4B-00C04F79EFBC}") = "GTiff2Tiles.Console", "GTiff2Tiles.Console\GTiff2Tiles.Console.csproj", "{9BB64568-02CD-44EB-90DB-E7BE29502040}"
EndProject
Project("{FAE04EC0-301F-11D3-BF4B-00C04F79EFBC}") = "GTiff2Tiles.Tests", "GTiff2Tiles.Tests\GTiff2Tiles.Tests.csproj", "{9615AF93-1F5A-491F-9AB0-E6BBFDD11A65}"
EndProject
Global
	GlobalSection(SolutionConfigurationPlatforms) = preSolution
		Debug|x64 = Debug|x64
		Release|x64 = Release|x64
	EndGlobalSection
	GlobalSection(SolutionProperties) = preSolution
		HideSolutionNode = FALSE
	EndGlobalSection
	GlobalSection(ProjectConfigurationPlatforms) = postSolution
		{DC6D961C-6863-44DC-B6B1-0C7232B7F777}.Debug|x64.ActiveCfg = Debug|x64
		{DC6D961C-6863-44DC-B6B1-0C7232B7F777}.Debug|x64.Build.0 = Debug|x64
		{DC6D961C-6863-44DC-B6B1-0C7232B7F777}.Release|x64.ActiveCfg = Release|x64
		{DC6D961C-6863-44DC-B6B1-0C7232B7F777}.Release|x64.Build.0 = Release|x64
		{9139B034-2C6B-4A6D-8F94-7B92DB4BECBE}.Debug|x64.ActiveCfg = Debug|x64
		{9139B034-2C6B-4A6D-8F94-7B92DB4BECBE}.Debug|x64.Build.0 = Debug|x64
		{9139B034-2C6B-4A6D-8F94-7B92DB4BECBE}.Release|x64.ActiveCfg = Release|x64
		{9139B034-2C6B-4A6D-8F94-7B92DB4BECBE}.Release|x64.Build.0 = Release|x64
		{1032BE03-36E8-4DEE-B691-A29D8B4C4AD4}.Debug|x64.ActiveCfg = Debug|x64
		{1032BE03-36E8-4DEE-B691-A29D8B4C4AD4}.Debug|x64.Build.0 = Debug|x64
		{1032BE03-36E8-4DEE-B691-A29D8B4C4AD4}.Release|x64.ActiveCfg = Release|x64
		{1032BE03-36E8-4DEE-B691-A29D8B4C4AD4}.Release|x64.Build.0 = Release|x64
		{9BB64568-02CD-44EB-90DB-E7BE29502040}.Debug|x64.ActiveCfg = Debug|x64
		{9BB64568-02CD-44EB-90DB-E7BE29502040}.Debug|x64.Build.0 = Debug|x64
		{9BB64568-02CD-44EB-90DB-E7BE29502040}.Release|x64.ActiveCfg = Release|x64
		{9BB64568-02CD-44EB-90DB-E7BE29502040}.Release|x64.Build.0 = Release|x64
		{9615AF93-1F5A-491F-9AB0-E6BBFDD11A65}.Debug|x64.ActiveCfg = Debug|x64
		{9615AF93-1F5A-491F-9AB0-E6BBFDD11A65}.Debug|x64.Build.0 = Debug|x64
		{9615AF93-1F5A-491F-9AB0-E6BBFDD11A65}.Release|x64.ActiveCfg = Release|x64
		{9615AF93-1F5A-491F-9AB0-E6BBFDD11A65}.Release|x64.Build.0 = Release|x64
	EndGlobalSection
EndGlobal
