
Microsoft Visual Studio Solution File, Format Version 12.00
# Visual Studio Version 16
VisualStudioVersion = 16.0.29009.5
MinimumVisualStudioVersion = 10.0.40219.1
Project("{9A19103F-16F7-4668-BE54-9A1E7A4F7556}") = "GTiff2Tiles.Benchmarks", "GTiff2Tiles.Benchmarks\GTiff2Tiles.Benchmarks.csproj", "{84C247B9-1F9F-4807-B9E9-2F1A2FE0019D}"
EndProject
Project("{9A19103F-16F7-4668-BE54-9A1E7A4F7556}") = "GTiff2Tiles.Console", "GTiff2Tiles.Console\GTiff2Tiles.Console.csproj", "{598B1298-0160-487D-A02F-B733C5C045B6}"
EndProject
Project("{9A19103F-16F7-4668-BE54-9A1E7A4F7556}") = "GTiff2Tiles.Core", "GTiff2Tiles.Core\GTiff2Tiles.Core.csproj", "{DA0D64F0-A6B8-4120-8425-5A88FFBC5612}"
EndProject
Project("{9A19103F-16F7-4668-BE54-9A1E7A4F7556}") = "GTiff2Tiles.GUI", "GTiff2Tiles.GUI\GTiff2Tiles.GUI.csproj", "{D93B50C8-9CCE-443D-A6D5-B87B0B411BAC}"
EndProject
Project("{9A19103F-16F7-4668-BE54-9A1E7A4F7556}") = "GTiff2Tiles.Tests", "GTiff2Tiles.Tests\GTiff2Tiles.Tests.csproj", "{C6352D5B-8FA7-4536-B2AC-BCD555B76170}"
EndProject
Global
	GlobalSection(SolutionConfigurationPlatforms) = preSolution
		Debug|Any CPU = Debug|Any CPU
		Debug|x64 = Debug|x64
		Release|Any CPU = Release|Any CPU
		Release|x64 = Release|x64
	EndGlobalSection
	GlobalSection(ProjectConfigurationPlatforms) = postSolution
		{84C247B9-1F9F-4807-B9E9-2F1A2FE0019D}.Debug|Any CPU.ActiveCfg = Debug|Any CPU
		{84C247B9-1F9F-4807-B9E9-2F1A2FE0019D}.Debug|Any CPU.Build.0 = Debug|Any CPU
		{84C247B9-1F9F-4807-B9E9-2F1A2FE0019D}.Debug|x64.ActiveCfg = Debug|x64
		{84C247B9-1F9F-4807-B9E9-2F1A2FE0019D}.Debug|x64.Build.0 = Debug|x64
		{84C247B9-1F9F-4807-B9E9-2F1A2FE0019D}.Release|Any CPU.ActiveCfg = Release|Any CPU
		{84C247B9-1F9F-4807-B9E9-2F1A2FE0019D}.Release|Any CPU.Build.0 = Release|Any CPU
		{84C247B9-1F9F-4807-B9E9-2F1A2FE0019D}.Release|x64.ActiveCfg = Release|x64
		{84C247B9-1F9F-4807-B9E9-2F1A2FE0019D}.Release|x64.Build.0 = Release|x64
		{598B1298-0160-487D-A02F-B733C5C045B6}.Debug|Any CPU.ActiveCfg = Debug|Any CPU
		{598B1298-0160-487D-A02F-B733C5C045B6}.Debug|Any CPU.Build.0 = Debug|Any CPU
		{598B1298-0160-487D-A02F-B733C5C045B6}.Debug|x64.ActiveCfg = Debug|x64
		{598B1298-0160-487D-A02F-B733C5C045B6}.Debug|x64.Build.0 = Debug|x64
		{598B1298-0160-487D-A02F-B733C5C045B6}.Release|Any CPU.ActiveCfg = Release|Any CPU
		{598B1298-0160-487D-A02F-B733C5C045B6}.Release|Any CPU.Build.0 = Release|Any CPU
		{598B1298-0160-487D-A02F-B733C5C045B6}.Release|x64.ActiveCfg = Release|x64
		{598B1298-0160-487D-A02F-B733C5C045B6}.Release|x64.Build.0 = Release|x64
		{DA0D64F0-A6B8-4120-8425-5A88FFBC5612}.Debug|Any CPU.ActiveCfg = Debug|Any CPU
		{DA0D64F0-A6B8-4120-8425-5A88FFBC5612}.Debug|Any CPU.Build.0 = Debug|Any CPU
		{DA0D64F0-A6B8-4120-8425-5A88FFBC5612}.Debug|x64.ActiveCfg = Debug|x64
		{DA0D64F0-A6B8-4120-8425-5A88FFBC5612}.Debug|x64.Build.0 = Debug|x64
		{DA0D64F0-A6B8-4120-8425-5A88FFBC5612}.Release|Any CPU.ActiveCfg = Release|Any CPU
		{DA0D64F0-A6B8-4120-8425-5A88FFBC5612}.Release|Any CPU.Build.0 = Release|Any CPU
		{DA0D64F0-A6B8-4120-8425-5A88FFBC5612}.Release|x64.ActiveCfg = Release|x64
		{DA0D64F0-A6B8-4120-8425-5A88FFBC5612}.Release|x64.Build.0 = Release|x64
		{D93B50C8-9CCE-443D-A6D5-B87B0B411BAC}.Debug|Any CPU.ActiveCfg = Debug|Any CPU
		{D93B50C8-9CCE-443D-A6D5-B87B0B411BAC}.Debug|Any CPU.Build.0 = Debug|Any CPU
		{D93B50C8-9CCE-443D-A6D5-B87B0B411BAC}.Debug|x64.ActiveCfg = Debug|x64
		{D93B50C8-9CCE-443D-A6D5-B87B0B411BAC}.Debug|x64.Build.0 = Debug|x64
		{D93B50C8-9CCE-443D-A6D5-B87B0B411BAC}.Release|Any CPU.ActiveCfg = Release|Any CPU
		{D93B50C8-9CCE-443D-A6D5-B87B0B411BAC}.Release|Any CPU.Build.0 = Release|Any CPU
		{D93B50C8-9CCE-443D-A6D5-B87B0B411BAC}.Release|x64.ActiveCfg = Release|x64
		{D93B50C8-9CCE-443D-A6D5-B87B0B411BAC}.Release|x64.Build.0 = Release|x64
		{C6352D5B-8FA7-4536-B2AC-BCD555B76170}.Debug|Any CPU.ActiveCfg = Debug|Any CPU
		{C6352D5B-8FA7-4536-B2AC-BCD555B76170}.Debug|Any CPU.Build.0 = Debug|Any CPU
		{C6352D5B-8FA7-4536-B2AC-BCD555B76170}.Debug|x64.ActiveCfg = Debug|x64
		{C6352D5B-8FA7-4536-B2AC-BCD555B76170}.Debug|x64.Build.0 = Debug|x64
		{C6352D5B-8FA7-4536-B2AC-BCD555B76170}.Release|Any CPU.ActiveCfg = Release|Any CPU
		{C6352D5B-8FA7-4536-B2AC-BCD555B76170}.Release|Any CPU.Build.0 = Release|Any CPU
		{C6352D5B-8FA7-4536-B2AC-BCD555B76170}.Release|x64.ActiveCfg = Release|x64
		{C6352D5B-8FA7-4536-B2AC-BCD555B76170}.Release|x64.Build.0 = Release|x64
	EndGlobalSection
	GlobalSection(SolutionProperties) = preSolution
		HideSolutionNode = FALSE
	EndGlobalSection
	GlobalSection(ExtensibilityGlobals) = postSolution
		SolutionGuid = {273FD8EC-E055-41E2-B5B3-C321B9721DEF}
	EndGlobalSection
EndGlobal
